
Microsoft Visual Studio Solution File, Format Version 12.00
# Visual Studio 15
VisualStudioVersion = 15.0.27703.2047
MinimumVisualStudioVersion = 10.0.40219.1
Project("{9A19103F-16F7-4668-BE54-9A1E7A4F7556}") = "Conference-Track-Management-Tests", "Conference-Track-Management-Tests\Conference-Track-Management-Tests.csproj", "{BD060511-1289-4B9B-8D97-7C68424CF8F2}"
EndProject
Project("{9A19103F-16F7-4668-BE54-9A1E7A4F7556}") = "Conference-Track-Management", "Conference-Track-Management\Conference-Track-Management.csproj", "{D3F18BA1-3899-4D56-B24F-B98583A9845F}"
EndProject
Global
	GlobalSection(SolutionConfigurationPlatforms) = preSolution
		Debug|Any CPU = Debug|Any CPU
		Release|Any CPU = Release|Any CPU
	EndGlobalSection
	GlobalSection(ProjectConfigurationPlatforms) = postSolution
		{BD060511-1289-4B9B-8D97-7C68424CF8F2}.Debug|Any CPU.ActiveCfg = Debug|Any CPU
		{BD060511-1289-4B9B-8D97-7C68424CF8F2}.Debug|Any CPU.Build.0 = Debug|Any CPU
		{BD060511-1289-4B9B-8D97-7C68424CF8F2}.Release|Any CPU.ActiveCfg = Release|Any CPU
		{BD060511-1289-4B9B-8D97-7C68424CF8F2}.Release|Any CPU.Build.0 = Release|Any CPU
		{D3F18BA1-3899-4D56-B24F-B98583A9845F}.Debug|Any CPU.ActiveCfg = Debug|Any CPU
		{D3F18BA1-3899-4D56-B24F-B98583A9845F}.Debug|Any CPU.Build.0 = Debug|Any CPU
		{D3F18BA1-3899-4D56-B24F-B98583A9845F}.Release|Any CPU.ActiveCfg = Release|Any CPU
		{D3F18BA1-3899-4D56-B24F-B98583A9845F}.Release|Any CPU.Build.0 = Release|Any CPU
	EndGlobalSection
	GlobalSection(SolutionProperties) = preSolution
		HideSolutionNode = FALSE
	EndGlobalSection
	GlobalSection(ExtensibilityGlobals) = postSolution
		SolutionGuid = {B0C4FC91-F1B8-4905-833E-6FD8BF8F8740}
	EndGlobalSection
EndGlobal
